
Microsoft Visual Studio Solution File, Format Version 12.00
# Visual Studio Version 17
VisualStudioVersion = 17.11.35327.3
MinimumVisualStudioVersion = 10.0.40219.1
Project("{FAE04EC0-301F-11D3-BF4B-00C04F79EFBC}") = "HW3_u23551683", "HW3_u23551683\HW3_u23551683.csproj", "{24949F8A-B029-4E0B-9735-1C6A909FF9FC}"
EndProject
Global
	GlobalSection(SolutionConfigurationPlatforms) = preSolution
		Debug|Any CPU = Debug|Any CPU
		Release|Any CPU = Release|Any CPU
	EndGlobalSection
	GlobalSection(ProjectConfigurationPlatforms) = postSolution
		{24949F8A-B029-4E0B-9735-1C6A909FF9FC}.Debug|Any CPU.ActiveCfg = Debug|Any CPU
		{24949F8A-B029-4E0B-9735-1C6A909FF9FC}.Debug|Any CPU.Build.0 = Debug|Any CPU
		{24949F8A-B029-4E0B-9735-1C6A909FF9FC}.Release|Any CPU.ActiveCfg = Release|Any CPU
		{24949F8A-B029-4E0B-9735-1C6A909FF9FC}.Release|Any CPU.Build.0 = Release|Any CPU
	EndGlobalSection
	GlobalSection(SolutionProperties) = preSolution
		HideSolutionNode = FALSE
	EndGlobalSection
	GlobalSection(ExtensibilityGlobals) = postSolution
		SolutionGuid = {35FA472E-4C93-476B-8C37-2E7D9785D8E0}
	EndGlobalSection
EndGlobal
